
Microsoft Visual Studio Solution File, Format Version 12.00
# Visual Studio Version 16
VisualStudioVersion = 16.0.30517.126
MinimumVisualStudioVersion = 10.0.40219.1
Project("{FAE04EC0-301F-11D3-BF4B-00C04F79EFBC}") = "Rock Paper Scissors", "Rock Paper Scissors\Rock Paper Scissors.csproj", "{2BBA7883-CF15-4247-BEDB-D964650BEE49}"
EndProject
Global
	GlobalSection(SolutionConfigurationPlatforms) = preSolution
		Debug|Any CPU = Debug|Any CPU
		Release|Any CPU = Release|Any CPU
	EndGlobalSection
	GlobalSection(ProjectConfigurationPlatforms) = postSolution
		{2BBA7883-CF15-4247-BEDB-D964650BEE49}.Debug|Any CPU.ActiveCfg = Debug|Any CPU
		{2BBA7883-CF15-4247-BEDB-D964650BEE49}.Debug|Any CPU.Build.0 = Debug|Any CPU
		{2BBA7883-CF15-4247-BEDB-D964650BEE49}.Release|Any CPU.ActiveCfg = Release|Any CPU
		{2BBA7883-CF15-4247-BEDB-D964650BEE49}.Release|Any CPU.Build.0 = Release|Any CPU
	EndGlobalSection
	GlobalSection(SolutionProperties) = preSolution
		HideSolutionNode = FALSE
	EndGlobalSection
	GlobalSection(ExtensibilityGlobals) = postSolution
		SolutionGuid = {1AA60578-58DB-482F-84BD-296DD4D252C2}
	EndGlobalSection
EndGlobal
